
Microsoft Visual Studio Solution File, Format Version 12.00
# Visual Studio Version 16
VisualStudioVersion = 16.0.31402.337
MinimumVisualStudioVersion = 10.0.40219.1
Project("{FAE04EC0-301F-11D3-BF4B-00C04F79EFBC}") = "Calculette3chiffres", "Calculette3chiffres.csproj", "{DAC5467A-F237-46CA-B0DB-623839B1F43A}"
EndProject
Global
	GlobalSection(SolutionConfigurationPlatforms) = preSolution
		Debug|Any CPU = Debug|Any CPU
		Release|Any CPU = Release|Any CPU
	EndGlobalSection
	GlobalSection(ProjectConfigurationPlatforms) = postSolution
		{DAC5467A-F237-46CA-B0DB-623839B1F43A}.Debug|Any CPU.ActiveCfg = Debug|Any CPU
		{DAC5467A-F237-46CA-B0DB-623839B1F43A}.Debug|Any CPU.Build.0 = Debug|Any CPU
		{DAC5467A-F237-46CA-B0DB-623839B1F43A}.Release|Any CPU.ActiveCfg = Release|Any CPU
		{DAC5467A-F237-46CA-B0DB-623839B1F43A}.Release|Any CPU.Build.0 = Release|Any CPU
	EndGlobalSection
	GlobalSection(SolutionProperties) = preSolution
		HideSolutionNode = FALSE
	EndGlobalSection
	GlobalSection(ExtensibilityGlobals) = postSolution
		SolutionGuid = {A43E8777-1B19-4F4A-9632-50AC372A76B5}
	EndGlobalSection
EndGlobal
